
Microsoft Visual Studio Solution File, Format Version 12.00
# Visual Studio Version 16
VisualStudioVersion = 16.0.31624.102
MinimumVisualStudioVersion = 10.0.40219.1
Project("{FAE04EC0-301F-11D3-BF4B-00C04F79EFBC}") = "Demo", "Demo\Demo.csproj", "{07B05373-C6DC-4A80-A34D-B02BB1622BC6}"
EndProject
Global
	GlobalSection(SolutionConfigurationPlatforms) = preSolution
		Debug|Any CPU = Debug|Any CPU
		Release|Any CPU = Release|Any CPU
	EndGlobalSection
	GlobalSection(ProjectConfigurationPlatforms) = postSolution
		{07B05373-C6DC-4A80-A34D-B02BB1622BC6}.Debug|Any CPU.ActiveCfg = Debug|Any CPU
		{07B05373-C6DC-4A80-A34D-B02BB1622BC6}.Debug|Any CPU.Build.0 = Debug|Any CPU
		{07B05373-C6DC-4A80-A34D-B02BB1622BC6}.Release|Any CPU.ActiveCfg = Release|Any CPU
		{07B05373-C6DC-4A80-A34D-B02BB1622BC6}.Release|Any CPU.Build.0 = Release|Any CPU
	EndGlobalSection
	GlobalSection(SolutionProperties) = preSolution
		HideSolutionNode = FALSE
	EndGlobalSection
	GlobalSection(ExtensibilityGlobals) = postSolution
		SolutionGuid = {7EAB9671-77DA-4ED9-8387-26610F5FDC05}
	EndGlobalSection
EndGlobal
